
Microsoft Visual Studio Solution File, Format Version 12.00
# Visual Studio Version 17
VisualStudioVersion = 17.3.32819.101
MinimumVisualStudioVersion = 10.0.40219.1
Project("{9A19103F-16F7-4668-BE54-9A1E7A4F7556}") = "BlazorAppDemo", "BlazorAppDemo\BlazorAppDemo.csproj", "{D050F2B5-8DAE-47D0-8D0B-B47805822008}"
EndProject
Project("{9A19103F-16F7-4668-BE54-9A1E7A4F7556}") = "BlazingPizza", "BlazingPizza\BlazingPizza.csproj", "{1ADA72C7-C333-46A3-B20A-26D8066DD943}"
EndProject
Project("{9A19103F-16F7-4668-BE54-9A1E7A4F7556}") = "FirstRazorClassLibrary", "FirstRazorClassLibrary\FirstRazorClassLibrary.csproj", "{616F05BC-0B59-4FF9-9CBE-F6FDD2D30A61}"
EndProject
Project("{9A19103F-16F7-4668-BE54-9A1E7A4F7556}") = "RazorPagesMovie", "RazorPagesMovie\RazorPagesMovie.csproj", "{5D9A6352-E0AC-4003-BED5-24FEFE387CF8}"
EndProject
Project("{9A19103F-16F7-4668-BE54-9A1E7A4F7556}") = "BlazorAppCodingDroplets", "BlazorAppCodingDroplets\BlazorAppCodingDroplets.csproj", "{E40AF1CA-C194-4F62-9F33-688D4F2F5CA3}"
EndProject
Project("{9A19103F-16F7-4668-BE54-9A1E7A4F7556}") = "BlazorWasmNotHostedCodingDroplets", "BlazorWasmNotHostedCodingDroplets\BlazorWasmNotHostedCodingDroplets.csproj", "{288EEF89-A1C7-4A28-AE2B-D8A922D1F36C}"
EndProject
Project("{9A19103F-16F7-4668-BE54-9A1E7A4F7556}") = "BlazorWasmCodingDroplets.Server", "BlazorWasmCodingDroplets\Server\BlazorWasmCodingDroplets.Server.csproj", "{85A041F1-02F1-4208-A517-5BAA4DC027DB}"
EndProject
Project("{9A19103F-16F7-4668-BE54-9A1E7A4F7556}") = "BlazorWasmCodingDroplets.Client", "BlazorWasmCodingDroplets\Client\BlazorWasmCodingDroplets.Client.csproj", "{65918E54-F0AF-4A0E-85E4-499FCF3843F5}"
EndProject
Project("{9A19103F-16F7-4668-BE54-9A1E7A4F7556}") = "BlazorWasmCodingDroplets.Shared", "BlazorWasmCodingDroplets\Shared\BlazorWasmCodingDroplets.Shared.csproj", "{F7858BE9-BD87-4DFB-99B3-BA3433D96ACD}"
EndProject
Project("{2150E333-8FDC-42A3-9474-1A3956D46DE8}") = "CodingDroplets", "CodingDroplets", "{9A1A1E7A-CFA5-4DF3-9F3B-0E791EA73E09}"
EndProject
Project("{2150E333-8FDC-42A3-9474-1A3956D46DE8}") = "PatrickGod", "PatrickGod", "{C6339F4C-A0E9-4890-A709-05E68E7DB415}"
EndProject
Project("{9A19103F-16F7-4668-BE54-9A1E7A4F7556}") = "BlazorWasmAuthPatrickGod.Server", "BlazorWasmAuthPatrickGod\Server\BlazorWasmAuthPatrickGod.Server.csproj", "{635CD291-71A1-4B3E-838A-F06160F215CA}"
EndProject
Project("{9A19103F-16F7-4668-BE54-9A1E7A4F7556}") = "BlazorWasmAuthPatrickGod.Client", "BlazorWasmAuthPatrickGod\Client\BlazorWasmAuthPatrickGod.Client.csproj", "{69B332C1-CA53-4C1B-91DE-DA15EF559654}"
EndProject
Project("{9A19103F-16F7-4668-BE54-9A1E7A4F7556}") = "BlazorWasmAuthPatrickGod.Shared", "BlazorWasmAuthPatrickGod\Shared\BlazorWasmAuthPatrickGod.Shared.csproj", "{397EB50A-0BA9-4B95-924D-A81817501CB4}"
EndProject
Project("{2150E333-8FDC-42A3-9474-1A3956D46DE8}") = "BlazorECommerce", "BlazorECommerce", "{8953CFBA-C5DE-41BE-80C2-AB7CD920F89D}"
EndProject
Project("{FAE04EC0-301F-11D3-BF4B-00C04F79EFBC}") = "BlazorECommerce.Server", "BlazorECommerce\Server\BlazorECommerce.Server.csproj", "{C1518125-2C4E-4CE6-BBB7-F91F7893C5F0}"
EndProject
Project("{FAE04EC0-301F-11D3-BF4B-00C04F79EFBC}") = "BlazorECommerce.Client", "BlazorECommerce\Client\BlazorECommerce.Client.csproj", "{4ED9DB52-F902-4F9A-A266-9B03D5068AE1}"
EndProject
Project("{FAE04EC0-301F-11D3-BF4B-00C04F79EFBC}") = "BlazorECommerce.Shared", "BlazorECommerce\Shared\BlazorECommerce.Shared.csproj", "{505260A6-A3CD-4B96-8BB2-E5C6EA1BED3E}"
EndProject
Global
	GlobalSection(SolutionConfigurationPlatforms) = preSolution
		Debug|Any CPU = Debug|Any CPU
		Release|Any CPU = Release|Any CPU
	EndGlobalSection
	GlobalSection(ProjectConfigurationPlatforms) = postSolution
		{D050F2B5-8DAE-47D0-8D0B-B47805822008}.Debug|Any CPU.ActiveCfg = Debug|Any CPU
		{D050F2B5-8DAE-47D0-8D0B-B47805822008}.Debug|Any CPU.Build.0 = Debug|Any CPU
		{D050F2B5-8DAE-47D0-8D0B-B47805822008}.Release|Any CPU.ActiveCfg = Release|Any CPU
		{D050F2B5-8DAE-47D0-8D0B-B47805822008}.Release|Any CPU.Build.0 = Release|Any CPU
		{1ADA72C7-C333-46A3-B20A-26D8066DD943}.Debug|Any CPU.ActiveCfg = Debug|Any CPU
		{1ADA72C7-C333-46A3-B20A-26D8066DD943}.Debug|Any CPU.Build.0 = Debug|Any CPU
		{1ADA72C7-C333-46A3-B20A-26D8066DD943}.Release|Any CPU.ActiveCfg = Release|Any CPU
		{1ADA72C7-C333-46A3-B20A-26D8066DD943}.Release|Any CPU.Build.0 = Release|Any CPU
		{616F05BC-0B59-4FF9-9CBE-F6FDD2D30A61}.Debug|Any CPU.ActiveCfg = Debug|Any CPU
		{616F05BC-0B59-4FF9-9CBE-F6FDD2D30A61}.Debug|Any CPU.Build.0 = Debug|Any CPU
		{616F05BC-0B59-4FF9-9CBE-F6FDD2D30A61}.Release|Any CPU.ActiveCfg = Release|Any CPU
		{616F05BC-0B59-4FF9-9CBE-F6FDD2D30A61}.Release|Any CPU.Build.0 = Release|Any CPU
		{5D9A6352-E0AC-4003-BED5-24FEFE387CF8}.Debug|Any CPU.ActiveCfg = Debug|Any CPU
		{5D9A6352-E0AC-4003-BED5-24FEFE387CF8}.Debug|Any CPU.Build.0 = Debug|Any CPU
		{5D9A6352-E0AC-4003-BED5-24FEFE387CF8}.Release|Any CPU.ActiveCfg = Release|Any CPU
		{5D9A6352-E0AC-4003-BED5-24FEFE387CF8}.Release|Any CPU.Build.0 = Release|Any CPU
		{E40AF1CA-C194-4F62-9F33-688D4F2F5CA3}.Debug|Any CPU.ActiveCfg = Debug|Any CPU
		{E40AF1CA-C194-4F62-9F33-688D4F2F5CA3}.Debug|Any CPU.Build.0 = Debug|Any CPU
		{E40AF1CA-C194-4F62-9F33-688D4F2F5CA3}.Release|Any CPU.ActiveCfg = Release|Any CPU
		{E40AF1CA-C194-4F62-9F33-688D4F2F5CA3}.Release|Any CPU.Build.0 = Release|Any CPU
		{288EEF89-A1C7-4A28-AE2B-D8A922D1F36C}.Debug|Any CPU.ActiveCfg = Debug|Any CPU
		{288EEF89-A1C7-4A28-AE2B-D8A922D1F36C}.Debug|Any CPU.Build.0 = Debug|Any CPU
		{288EEF89-A1C7-4A28-AE2B-D8A922D1F36C}.Release|Any CPU.ActiveCfg = Release|Any CPU
		{288EEF89-A1C7-4A28-AE2B-D8A922D1F36C}.Release|Any CPU.Build.0 = Release|Any CPU
		{85A041F1-02F1-4208-A517-5BAA4DC027DB}.Debug|Any CPU.ActiveCfg = Debug|Any CPU
		{85A041F1-02F1-4208-A517-5BAA4DC027DB}.Debug|Any CPU.Build.0 = Debug|Any CPU
		{85A041F1-02F1-4208-A517-5BAA4DC027DB}.Release|Any CPU.ActiveCfg = Release|Any CPU
		{85A041F1-02F1-4208-A517-5BAA4DC027DB}.Release|Any CPU.Build.0 = Release|Any CPU
		{65918E54-F0AF-4A0E-85E4-499FCF3843F5}.Debug|Any CPU.ActiveCfg = Debug|Any CPU
		{65918E54-F0AF-4A0E-85E4-499FCF3843F5}.Debug|Any CPU.Build.0 = Debug|Any CPU
		{65918E54-F0AF-4A0E-85E4-499FCF3843F5}.Release|Any CPU.ActiveCfg = Release|Any CPU
		{65918E54-F0AF-4A0E-85E4-499FCF3843F5}.Release|Any CPU.Build.0 = Release|Any CPU
		{F7858BE9-BD87-4DFB-99B3-BA3433D96ACD}.Debug|Any CPU.ActiveCfg = Debug|Any CPU
		{F7858BE9-BD87-4DFB-99B3-BA3433D96ACD}.Debug|Any CPU.Build.0 = Debug|Any CPU
		{F7858BE9-BD87-4DFB-99B3-BA3433D96ACD}.Release|Any CPU.ActiveCfg = Release|Any CPU
		{F7858BE9-BD87-4DFB-99B3-BA3433D96ACD}.Release|Any CPU.Build.0 = Release|Any CPU
		{635CD291-71A1-4B3E-838A-F06160F215CA}.Debug|Any CPU.ActiveCfg = Debug|Any CPU
		{635CD291-71A1-4B3E-838A-F06160F215CA}.Debug|Any CPU.Build.0 = Debug|Any CPU
		{635CD291-71A1-4B3E-838A-F06160F215CA}.Release|Any CPU.ActiveCfg = Release|Any CPU
		{635CD291-71A1-4B3E-838A-F06160F215CA}.Release|Any CPU.Build.0 = Release|Any CPU
		{69B332C1-CA53-4C1B-91DE-DA15EF559654}.Debug|Any CPU.ActiveCfg = Debug|Any CPU
		{69B332C1-CA53-4C1B-91DE-DA15EF559654}.Debug|Any CPU.Build.0 = Debug|Any CPU
		{69B332C1-CA53-4C1B-91DE-DA15EF559654}.Release|Any CPU.ActiveCfg = Release|Any CPU
		{69B332C1-CA53-4C1B-91DE-DA15EF559654}.Release|Any CPU.Build.0 = Release|Any CPU
		{397EB50A-0BA9-4B95-924D-A81817501CB4}.Debug|Any CPU.ActiveCfg = Debug|Any CPU
		{397EB50A-0BA9-4B95-924D-A81817501CB4}.Debug|Any CPU.Build.0 = Debug|Any CPU
		{397EB50A-0BA9-4B95-924D-A81817501CB4}.Release|Any CPU.ActiveCfg = Release|Any CPU
		{397EB50A-0BA9-4B95-924D-A81817501CB4}.Release|Any CPU.Build.0 = Release|Any CPU
		{C1518125-2C4E-4CE6-BBB7-F91F7893C5F0}.Debug|Any CPU.ActiveCfg = Debug|Any CPU
		{C1518125-2C4E-4CE6-BBB7-F91F7893C5F0}.Debug|Any CPU.Build.0 = Debug|Any CPU
		{C1518125-2C4E-4CE6-BBB7-F91F7893C5F0}.Release|Any CPU.ActiveCfg = Release|Any CPU
		{C1518125-2C4E-4CE6-BBB7-F91F7893C5F0}.Release|Any CPU.Build.0 = Release|Any CPU
		{4ED9DB52-F902-4F9A-A266-9B03D5068AE1}.Debug|Any CPU.ActiveCfg = Debug|Any CPU
		{4ED9DB52-F902-4F9A-A266-9B03D5068AE1}.Debug|Any CPU.Build.0 = Debug|Any CPU
		{4ED9DB52-F902-4F9A-A266-9B03D5068AE1}.Release|Any CPU.ActiveCfg = Release|Any CPU
		{4ED9DB52-F902-4F9A-A266-9B03D5068AE1}.Release|Any CPU.Build.0 = Release|Any CPU
		{505260A6-A3CD-4B96-8BB2-E5C6EA1BED3E}.Debug|Any CPU.ActiveCfg = Debug|Any CPU
		{505260A6-A3CD-4B96-8BB2-E5C6EA1BED3E}.Debug|Any CPU.Build.0 = Debug|Any CPU
		{505260A6-A3CD-4B96-8BB2-E5C6EA1BED3E}.Release|Any CPU.ActiveCfg = Release|Any CPU
		{505260A6-A3CD-4B96-8BB2-E5C6EA1BED3E}.Release|Any CPU.Build.0 = Release|Any CPU
	EndGlobalSection
	GlobalSection(SolutionProperties) = preSolution
		HideSolutionNode = FALSE
	EndGlobalSection
	GlobalSection(NestedProjects) = preSolution
		{E40AF1CA-C194-4F62-9F33-688D4F2F5CA3} = {9A1A1E7A-CFA5-4DF3-9F3B-0E791EA73E09}
		{288EEF89-A1C7-4A28-AE2B-D8A922D1F36C} = {9A1A1E7A-CFA5-4DF3-9F3B-0E791EA73E09}
		{85A041F1-02F1-4208-A517-5BAA4DC027DB} = {9A1A1E7A-CFA5-4DF3-9F3B-0E791EA73E09}
		{65918E54-F0AF-4A0E-85E4-499FCF3843F5} = {9A1A1E7A-CFA5-4DF3-9F3B-0E791EA73E09}
		{F7858BE9-BD87-4DFB-99B3-BA3433D96ACD} = {9A1A1E7A-CFA5-4DF3-9F3B-0E791EA73E09}
		{635CD291-71A1-4B3E-838A-F06160F215CA} = {C6339F4C-A0E9-4890-A709-05E68E7DB415}
		{69B332C1-CA53-4C1B-91DE-DA15EF559654} = {C6339F4C-A0E9-4890-A709-05E68E7DB415}
		{397EB50A-0BA9-4B95-924D-A81817501CB4} = {C6339F4C-A0E9-4890-A709-05E68E7DB415}
		{C1518125-2C4E-4CE6-BBB7-F91F7893C5F0} = {8953CFBA-C5DE-41BE-80C2-AB7CD920F89D}
		{4ED9DB52-F902-4F9A-A266-9B03D5068AE1} = {8953CFBA-C5DE-41BE-80C2-AB7CD920F89D}
		{505260A6-A3CD-4B96-8BB2-E5C6EA1BED3E} = {8953CFBA-C5DE-41BE-80C2-AB7CD920F89D}
	EndGlobalSection
	GlobalSection(ExtensibilityGlobals) = postSolution
		SolutionGuid = {A238AF7D-9843-4A7C-81AA-96E6730D6D84}
	EndGlobalSection
EndGlobal
